
Microsoft Visual Studio Solution File, Format Version 12.00
# Visual Studio Version 16
VisualStudioVersion = 16.0.33927.289
MinimumVisualStudioVersion = 10.0.40219.1
Project("{2150E333-8FDC-42A3-9474-1A3956D46DE8}") = "Task0", "Task0", "{65BE54BE-7032-47DC-B5C5-E30690F36415}"
EndProject
Project("{FAE04EC0-301F-11D3-BF4B-00C04F79EFBC}") = "Tyuiu.ZaripovEO.Sprint2.Task0.V17", "Tyuiu.ZaripovEO.Sprint2.Task0.V17\Tyuiu.ZaripovEO.Sprint2.Task0.V17.csproj", "{65843B0E-A7B5-427E-BB94-0EF0E205BDBB}"
EndProject
Project("{FAE04EC0-301F-11D3-BF4B-00C04F79EFBC}") = "Tyuiu.ZaripovEO.Sprint2.Task0.V17.Lib", "Tyuiu.ZaripovEO.Sprint2.Task0.V17.Lib\Tyuiu.ZaripovEO.Sprint2.Task0.V17.Lib.csproj", "{42B74324-F6AD-4CE3-AF38-470EA1D7E49E}"
EndProject
Project("{FAE04EC0-301F-11D3-BF4B-00C04F79EFBC}") = "Tyuiu.ZaripovEO.Sprint2.Task0.V17.Test", "Tyuiu.ZaripovEO.Sprint2.Task0.V17.Test\Tyuiu.ZaripovEO.Sprint2.Task0.V17.Test.csproj", "{7DA467A1-5231-4BE2-B106-67C47D364462}"
EndProject
Project("{2150E333-8FDC-42A3-9474-1A3956D46DE8}") = "Task1", "Task1", "{D3139320-91CF-4F7C-8B76-E91B337477A5}"
EndProject
Project("{FAE04EC0-301F-11D3-BF4B-00C04F79EFBC}") = "Tyuiu.ZaripovEO.Sprint2.Task1.V9", "Tyuiu.ZaripovEO.Sprint2.Task1.V9\Tyuiu.ZaripovEO.Sprint2.Task1.V9.csproj", "{D5FAF71F-0AD2-4D44-86B0-F29076FE47FD}"
EndProject
Project("{FAE04EC0-301F-11D3-BF4B-00C04F79EFBC}") = "Tyuiu.ZaripovEO.Sprint2.Task1.V9.Test", "Tyuiu.ZaripovEO.Sprint2.Task1.V9.Test\Tyuiu.ZaripovEO.Sprint2.Task1.V9.Test.csproj", "{5194DF4D-14CC-414A-95A6-F0C53A8E357D}"
EndProject
Project("{FAE04EC0-301F-11D3-BF4B-00C04F79EFBC}") = "Tyuiu.ZaripovEO.Sprint2.Task1.V9.Lib", "Tyuiu.ZaripovEO.Sprint2.Task1.V9.Lib\Tyuiu.ZaripovEO.Sprint2.Task1.V9.Lib.csproj", "{F51F733E-4D4E-4B92-A300-05E937359B27}"
EndProject
Project("{2150E333-8FDC-42A3-9474-1A3956D46DE8}") = "Task2", "Task2", "{C0562360-883D-451B-A41F-0F1065EB72F5}"
EndProject
Project("{FAE04EC0-301F-11D3-BF4B-00C04F79EFBC}") = "Tyuiu.ZaripovEO.Sprint2.Task2.V7.Lib", "Tyuiu.ZaripovEO.Sprint2.Task2.V7.Lib\Tyuiu.ZaripovEO.Sprint2.Task2.V7.Lib.csproj", "{5E854BF6-7754-4E71-A0F6-696F4ED5CC50}"
EndProject
Project("{FAE04EC0-301F-11D3-BF4B-00C04F79EFBC}") = "Tyuiu.ZaripovEO.Sprint2.Task2.V7", "Tyuiu.ZaripovEO.Sprint2.Task2.V7\Tyuiu.ZaripovEO.Sprint2.Task2.V7.csproj", "{41BF4260-FF88-4F1C-9939-0A10720F0860}"
EndProject
Project("{FAE04EC0-301F-11D3-BF4B-00C04F79EFBC}") = "Tyuiu.ZaripovEO.Sprint2.Task2.V7.Test", "Tyuiu.ZaripovEO.Sprint2.Task2.V7.Test\Tyuiu.ZaripovEO.Sprint2.Task2.V7.Test.csproj", "{09F54869-F590-4D00-88D5-2C41722F489E}"
EndProject
Project("{2150E333-8FDC-42A3-9474-1A3956D46DE8}") = "Task3", "Task3", "{69A2E6CC-F349-4316-96FB-8272106FDA6E}"
EndProject
Project("{FAE04EC0-301F-11D3-BF4B-00C04F79EFBC}") = "Tyuiu.ZaripovEO.Sprint2.Task3.V11.Lib", "Tyuiu.ZaripovEO.Sprint2.Task3.V11.Lib\Tyuiu.ZaripovEO.Sprint2.Task3.V11.Lib.csproj", "{8CE9FC09-DB76-4600-960B-120E1678D1C2}"
EndProject
Project("{FAE04EC0-301F-11D3-BF4B-00C04F79EFBC}") = "Tyuiu.ZaripovEO.Sprint2.Task3.V11.Test", "Tyuiu.ZaripovEO.Sprint2.Task3.V11.Test\Tyuiu.ZaripovEO.Sprint2.Task3.V11.Test.csproj", "{7A779734-0BEF-4C54-811C-CB1F2C423400}"
EndProject
Project("{FAE04EC0-301F-11D3-BF4B-00C04F79EFBC}") = "Tyuiu.ZaripovEO.Sprint2.Task3.V11", "Tyuiu.ZaripovEO.Sprint2.Task3.V11\Tyuiu.ZaripovEO.Sprint2.Task3.V11.csproj", "{FB1C672D-7A17-4799-90D8-7ED713164B75}"
EndProject
Project("{2150E333-8FDC-42A3-9474-1A3956D46DE8}") = "Task4", "Task4", "{8E382F73-7EF4-4C70-8B90-D58E825F5CF3}"
EndProject
Project("{FAE04EC0-301F-11D3-BF4B-00C04F79EFBC}") = "Tyuiu.ZaripovEO.Sprint2.Task4.V2", "Tyuiu.ZaripovEO.Sprint2.Task4.V2\Tyuiu.ZaripovEO.Sprint2.Task4.V2.csproj", "{B31B0E25-90AC-465F-B871-B0C83D99D196}"
EndProject
Project("{FAE04EC0-301F-11D3-BF4B-00C04F79EFBC}") = "Tyuiu.ZaripovEO.Sprint2.Task4.V2.Test", "Tyuiu.ZaripovEO.Sprint2.Task4.V2.Test\Tyuiu.ZaripovEO.Sprint2.Task4.V2.Test.csproj", "{F45A38F8-DA53-4B27-AF2B-11A01E701A27}"
EndProject
Project("{FAE04EC0-301F-11D3-BF4B-00C04F79EFBC}") = "Tyuiu.ZaripovEO.Sprint2.Task4.V2.Lib", "Tyuiu.ZaripovEO.Sprint2.Task4.V2.Lib\Tyuiu.ZaripovEO.Sprint2.Task4.V2.Lib.csproj", "{32EACAD7-584B-4DC6-936A-CFC259D071DD}"
EndProject
Project("{2150E333-8FDC-42A3-9474-1A3956D46DE8}") = "Task5", "Task5", "{FE36392F-FD16-4DF2-973F-A03B1EB28D5B}"
EndProject
Project("{FAE04EC0-301F-11D3-BF4B-00C04F79EFBC}") = "Tyuiu.ZaripovEO.Sprint2.Task5.V15.Lib", "Tyuiu.ZaripovEO.Sprint2.V15.Lib\Tyuiu.ZaripovEO.Sprint2.Task5.V15.Lib.csproj", "{B00C1726-9933-4A61-B516-34D1B21C35AB}"
EndProject
Project("{FAE04EC0-301F-11D3-BF4B-00C04F79EFBC}") = "Tyuiu.ZaripovEO.Sprint2.Task5.V15", "Tyuiu.ZaripovEO.Sprint2.V15\Tyuiu.ZaripovEO.Sprint2.Task5.V15.csproj", "{42DA5F36-4CDF-400E-B5EC-AA019A3855E8}"
EndProject
Project("{FAE04EC0-301F-11D3-BF4B-00C04F79EFBC}") = "Tyuiu.ZaripovEO.Sprint2.Task5.V15.Test", "Tyuiu.ZaripovEO.Sprint2.V15.Test\Tyuiu.ZaripovEO.Sprint2.Task5.V15.Test.csproj", "{5581322D-7DE4-42D6-B56A-297D490A8B11}"
EndProject
Project("{2150E333-8FDC-42A3-9474-1A3956D46DE8}") = "Task6", "Task6", "{9F6DE77B-AC65-4416-9173-D33B92D723E6}"
EndProject
Project("{FAE04EC0-301F-11D3-BF4B-00C04F79EFBC}") = "Tyuiu.ZaripovEO.Sprint2.Task6.V11.Test", "Tyuiu.ZaripovEO.Sprint2.Task6.V11.Test\Tyuiu.ZaripovEO.Sprint2.Task6.V11.Test.csproj", "{BDE5B12E-6F20-4462-B666-D0625352CA55}"
EndProject
Project("{FAE04EC0-301F-11D3-BF4B-00C04F79EFBC}") = "Tyuiu.ZaripovEO.Sprint2.Task6.V11", "Tyuiu.ZaripovEO.Sprint2.Task6.V11\Tyuiu.ZaripovEO.Sprint2.Task6.V11.csproj", "{940D42A3-1ADB-49FB-9664-4D8EB6B3BC41}"
EndProject
Project("{FAE04EC0-301F-11D3-BF4B-00C04F79EFBC}") = "Tyuiu.ZaripovEO.Sprint2.Task6.V11.Lib", "Tyuiu.ZaripovEO.Sprint2.Task6.V11.Lib\Tyuiu.ZaripovEO.Sprint2.Task6.V11.Lib.csproj", "{FC03C79D-7CC0-4069-B7DE-FE7F5D0599F4}"
EndProject
Project("{2150E333-8FDC-42A3-9474-1A3956D46DE8}") = "Task7", "Task7", "{1C8430EA-600D-439E-AE59-C3C199A33574}"
EndProject
Project("{FAE04EC0-301F-11D3-BF4B-00C04F79EFBC}") = "Tyuiu.ZaripovEO.Sprint2.Task7.V15", "Tyuiu.ZaripovEO.Sprint2.Task7.V15\Tyuiu.ZaripovEO.Sprint2.Task7.V15.csproj", "{C325AF93-4E31-4840-A542-62CB1176B4B4}"
EndProject
Project("{FAE04EC0-301F-11D3-BF4B-00C04F79EFBC}") = "Tyuiu.ZaripovEO.Sprint2.Task7.V15.Lib", "Tyuiu.ZaripovEO.Sprint2.Task7.V15.Lib\Tyuiu.ZaripovEO.Sprint2.Task7.V15.Lib.csproj", "{E7AE1576-18DC-4E31-98B5-5B50E7C17361}"
EndProject
Project("{FAE04EC0-301F-11D3-BF4B-00C04F79EFBC}") = "Tyuiu.ZaripovEO.Sprint2.Task7.V15.Test", "Tyuiu.ZaripovEO.Sprint2.Task7.V15.Test\Tyuiu.ZaripovEO.Sprint2.Task7.V15.Test.csproj", "{38ACA8D3-62BD-4756-BB77-A85824CFF44D}"
EndProject
Global
	GlobalSection(SolutionConfigurationPlatforms) = preSolution
		Debug|Any CPU = Debug|Any CPU
		Release|Any CPU = Release|Any CPU
	EndGlobalSection
	GlobalSection(ProjectConfigurationPlatforms) = postSolution
		{65843B0E-A7B5-427E-BB94-0EF0E205BDBB}.Debug|Any CPU.ActiveCfg = Debug|Any CPU
		{65843B0E-A7B5-427E-BB94-0EF0E205BDBB}.Debug|Any CPU.Build.0 = Debug|Any CPU
		{65843B0E-A7B5-427E-BB94-0EF0E205BDBB}.Release|Any CPU.ActiveCfg = Release|Any CPU
		{65843B0E-A7B5-427E-BB94-0EF0E205BDBB}.Release|Any CPU.Build.0 = Release|Any CPU
		{42B74324-F6AD-4CE3-AF38-470EA1D7E49E}.Debug|Any CPU.ActiveCfg = Debug|Any CPU
		{42B74324-F6AD-4CE3-AF38-470EA1D7E49E}.Debug|Any CPU.Build.0 = Debug|Any CPU
		{42B74324-F6AD-4CE3-AF38-470EA1D7E49E}.Release|Any CPU.ActiveCfg = Release|Any CPU
		{42B74324-F6AD-4CE3-AF38-470EA1D7E49E}.Release|Any CPU.Build.0 = Release|Any CPU
		{7DA467A1-5231-4BE2-B106-67C47D364462}.Debug|Any CPU.ActiveCfg = Debug|Any CPU
		{7DA467A1-5231-4BE2-B106-67C47D364462}.Debug|Any CPU.Build.0 = Debug|Any CPU
		{7DA467A1-5231-4BE2-B106-67C47D364462}.Release|Any CPU.ActiveCfg = Release|Any CPU
		{7DA467A1-5231-4BE2-B106-67C47D364462}.Release|Any CPU.Build.0 = Release|Any CPU
		{D5FAF71F-0AD2-4D44-86B0-F29076FE47FD}.Debug|Any CPU.ActiveCfg = Debug|Any CPU
		{D5FAF71F-0AD2-4D44-86B0-F29076FE47FD}.Debug|Any CPU.Build.0 = Debug|Any CPU
		{D5FAF71F-0AD2-4D44-86B0-F29076FE47FD}.Release|Any CPU.ActiveCfg = Release|Any CPU
		{D5FAF71F-0AD2-4D44-86B0-F29076FE47FD}.Release|Any CPU.Build.0 = Release|Any CPU
		{5194DF4D-14CC-414A-95A6-F0C53A8E357D}.Debug|Any CPU.ActiveCfg = Debug|Any CPU
		{5194DF4D-14CC-414A-95A6-F0C53A8E357D}.Debug|Any CPU.Build.0 = Debug|Any CPU
		{5194DF4D-14CC-414A-95A6-F0C53A8E357D}.Release|Any CPU.ActiveCfg = Release|Any CPU
		{5194DF4D-14CC-414A-95A6-F0C53A8E357D}.Release|Any CPU.Build.0 = Release|Any CPU
		{F51F733E-4D4E-4B92-A300-05E937359B27}.Debug|Any CPU.ActiveCfg = Debug|Any CPU
		{F51F733E-4D4E-4B92-A300-05E937359B27}.Debug|Any CPU.Build.0 = Debug|Any CPU
		{F51F733E-4D4E-4B92-A300-05E937359B27}.Release|Any CPU.ActiveCfg = Release|Any CPU
		{F51F733E-4D4E-4B92-A300-05E937359B27}.Release|Any CPU.Build.0 = Release|Any CPU
		{5E854BF6-7754-4E71-A0F6-696F4ED5CC50}.Debug|Any CPU.ActiveCfg = Debug|Any CPU
		{5E854BF6-7754-4E71-A0F6-696F4ED5CC50}.Debug|Any CPU.Build.0 = Debug|Any CPU
		{5E854BF6-7754-4E71-A0F6-696F4ED5CC50}.Release|Any CPU.ActiveCfg = Release|Any CPU
		{5E854BF6-7754-4E71-A0F6-696F4ED5CC50}.Release|Any CPU.Build.0 = Release|Any CPU
		{41BF4260-FF88-4F1C-9939-0A10720F0860}.Debug|Any CPU.ActiveCfg = Debug|Any CPU
		{41BF4260-FF88-4F1C-9939-0A10720F0860}.Debug|Any CPU.Build.0 = Debug|Any CPU
		{41BF4260-FF88-4F1C-9939-0A10720F0860}.Release|Any CPU.ActiveCfg = Release|Any CPU
		{41BF4260-FF88-4F1C-9939-0A10720F0860}.Release|Any CPU.Build.0 = Release|Any CPU
		{09F54869-F590-4D00-88D5-2C41722F489E}.Debug|Any CPU.ActiveCfg = Debug|Any CPU
		{09F54869-F590-4D00-88D5-2C41722F489E}.Debug|Any CPU.Build.0 = Debug|Any CPU
		{09F54869-F590-4D00-88D5-2C41722F489E}.Release|Any CPU.ActiveCfg = Release|Any CPU
		{09F54869-F590-4D00-88D5-2C41722F489E}.Release|Any CPU.Build.0 = Release|Any CPU
		{8CE9FC09-DB76-4600-960B-120E1678D1C2}.Debug|Any CPU.ActiveCfg = Debug|Any CPU
		{8CE9FC09-DB76-4600-960B-120E1678D1C2}.Debug|Any CPU.Build.0 = Debug|Any CPU
		{8CE9FC09-DB76-4600-960B-120E1678D1C2}.Release|Any CPU.ActiveCfg = Release|Any CPU
		{8CE9FC09-DB76-4600-960B-120E1678D1C2}.Release|Any CPU.Build.0 = Release|Any CPU
		{7A779734-0BEF-4C54-811C-CB1F2C423400}.Debug|Any CPU.ActiveCfg = Debug|Any CPU
		{7A779734-0BEF-4C54-811C-CB1F2C423400}.Debug|Any CPU.Build.0 = Debug|Any CPU
		{7A779734-0BEF-4C54-811C-CB1F2C423400}.Release|Any CPU.ActiveCfg = Release|Any CPU
		{7A779734-0BEF-4C54-811C-CB1F2C423400}.Release|Any CPU.Build.0 = Release|Any CPU
		{FB1C672D-7A17-4799-90D8-7ED713164B75}.Debug|Any CPU.ActiveCfg = Debug|Any CPU
		{FB1C672D-7A17-4799-90D8-7ED713164B75}.Debug|Any CPU.Build.0 = Debug|Any CPU
		{FB1C672D-7A17-4799-90D8-7ED713164B75}.Release|Any CPU.ActiveCfg = Release|Any CPU
		{FB1C672D-7A17-4799-90D8-7ED713164B75}.Release|Any CPU.Build.0 = Release|Any CPU
		{B31B0E25-90AC-465F-B871-B0C83D99D196}.Debug|Any CPU.ActiveCfg = Debug|Any CPU
		{B31B0E25-90AC-465F-B871-B0C83D99D196}.Debug|Any CPU.Build.0 = Debug|Any CPU
		{B31B0E25-90AC-465F-B871-B0C83D99D196}.Release|Any CPU.ActiveCfg = Release|Any CPU
		{B31B0E25-90AC-465F-B871-B0C83D99D196}.Release|Any CPU.Build.0 = Release|Any CPU
		{F45A38F8-DA53-4B27-AF2B-11A01E701A27}.Debug|Any CPU.ActiveCfg = Debug|Any CPU
		{F45A38F8-DA53-4B27-AF2B-11A01E701A27}.Debug|Any CPU.Build.0 = Debug|Any CPU
		{F45A38F8-DA53-4B27-AF2B-11A01E701A27}.Release|Any CPU.ActiveCfg = Release|Any CPU
		{F45A38F8-DA53-4B27-AF2B-11A01E701A27}.Release|Any CPU.Build.0 = Release|Any CPU
		{32EACAD7-584B-4DC6-936A-CFC259D071DD}.Debug|Any CPU.ActiveCfg = Debug|Any CPU
		{32EACAD7-584B-4DC6-936A-CFC259D071DD}.Debug|Any CPU.Build.0 = Debug|Any CPU
		{32EACAD7-584B-4DC6-936A-CFC259D071DD}.Release|Any CPU.ActiveCfg = Release|Any CPU
		{32EACAD7-584B-4DC6-936A-CFC259D071DD}.Release|Any CPU.Build.0 = Release|Any CPU
		{B00C1726-9933-4A61-B516-34D1B21C35AB}.Debug|Any CPU.ActiveCfg = Debug|Any CPU
		{B00C1726-9933-4A61-B516-34D1B21C35AB}.Debug|Any CPU.Build.0 = Debug|Any CPU
		{B00C1726-9933-4A61-B516-34D1B21C35AB}.Release|Any CPU.ActiveCfg = Release|Any CPU
		{B00C1726-9933-4A61-B516-34D1B21C35AB}.Release|Any CPU.Build.0 = Release|Any CPU
		{42DA5F36-4CDF-400E-B5EC-AA019A3855E8}.Debug|Any CPU.ActiveCfg = Debug|Any CPU
		{42DA5F36-4CDF-400E-B5EC-AA019A3855E8}.Debug|Any CPU.Build.0 = Debug|Any CPU
		{42DA5F36-4CDF-400E-B5EC-AA019A3855E8}.Release|Any CPU.ActiveCfg = Release|Any CPU
		{42DA5F36-4CDF-400E-B5EC-AA019A3855E8}.Release|Any CPU.Build.0 = Release|Any CPU
		{5581322D-7DE4-42D6-B56A-297D490A8B11}.Debug|Any CPU.ActiveCfg = Debug|Any CPU
		{5581322D-7DE4-42D6-B56A-297D490A8B11}.Debug|Any CPU.Build.0 = Debug|Any CPU
		{5581322D-7DE4-42D6-B56A-297D490A8B11}.Release|Any CPU.ActiveCfg = Release|Any CPU
		{5581322D-7DE4-42D6-B56A-297D490A8B11}.Release|Any CPU.Build.0 = Release|Any CPU
		{BDE5B12E-6F20-4462-B666-D0625352CA55}.Debug|Any CPU.ActiveCfg = Debug|Any CPU
		{BDE5B12E-6F20-4462-B666-D0625352CA55}.Debug|Any CPU.Build.0 = Debug|Any CPU
		{BDE5B12E-6F20-4462-B666-D0625352CA55}.Release|Any CPU.ActiveCfg = Release|Any CPU
		{BDE5B12E-6F20-4462-B666-D0625352CA55}.Release|Any CPU.Build.0 = Release|Any CPU
		{940D42A3-1ADB-49FB-9664-4D8EB6B3BC41}.Debug|Any CPU.ActiveCfg = Debug|Any CPU
		{940D42A3-1ADB-49FB-9664-4D8EB6B3BC41}.Debug|Any CPU.Build.0 = Debug|Any CPU
		{940D42A3-1ADB-49FB-9664-4D8EB6B3BC41}.Release|Any CPU.ActiveCfg = Release|Any CPU
		{940D42A3-1ADB-49FB-9664-4D8EB6B3BC41}.Release|Any CPU.Build.0 = Release|Any CPU
		{FC03C79D-7CC0-4069-B7DE-FE7F5D0599F4}.Debug|Any CPU.ActiveCfg = Debug|Any CPU
		{FC03C79D-7CC0-4069-B7DE-FE7F5D0599F4}.Debug|Any CPU.Build.0 = Debug|Any CPU
		{FC03C79D-7CC0-4069-B7DE-FE7F5D0599F4}.Release|Any CPU.ActiveCfg = Release|Any CPU
		{FC03C79D-7CC0-4069-B7DE-FE7F5D0599F4}.Release|Any CPU.Build.0 = Release|Any CPU
		{C325AF93-4E31-4840-A542-62CB1176B4B4}.Debug|Any CPU.ActiveCfg = Debug|Any CPU
		{C325AF93-4E31-4840-A542-62CB1176B4B4}.Debug|Any CPU.Build.0 = Debug|Any CPU
		{C325AF93-4E31-4840-A542-62CB1176B4B4}.Release|Any CPU.ActiveCfg = Release|Any CPU
		{C325AF93-4E31-4840-A542-62CB1176B4B4}.Release|Any CPU.Build.0 = Release|Any CPU
		{E7AE1576-18DC-4E31-98B5-5B50E7C17361}.Debug|Any CPU.ActiveCfg = Debug|Any CPU
		{E7AE1576-18DC-4E31-98B5-5B50E7C17361}.Debug|Any CPU.Build.0 = Debug|Any CPU
		{E7AE1576-18DC-4E31-98B5-5B50E7C17361}.Release|Any CPU.ActiveCfg = Release|Any CPU
		{E7AE1576-18DC-4E31-98B5-5B50E7C17361}.Release|Any CPU.Build.0 = Release|Any CPU
		{38ACA8D3-62BD-4756-BB77-A85824CFF44D}.Debug|Any CPU.ActiveCfg = Debug|Any CPU
		{38ACA8D3-62BD-4756-BB77-A85824CFF44D}.Debug|Any CPU.Build.0 = Debug|Any CPU
		{38ACA8D3-62BD-4756-BB77-A85824CFF44D}.Release|Any CPU.ActiveCfg = Release|Any CPU
		{38ACA8D3-62BD-4756-BB77-A85824CFF44D}.Release|Any CPU.Build.0 = Release|Any CPU
	EndGlobalSection
	GlobalSection(SolutionProperties) = preSolution
		HideSolutionNode = FALSE
	EndGlobalSection
	GlobalSection(NestedProjects) = preSolution
		{65843B0E-A7B5-427E-BB94-0EF0E205BDBB} = {65BE54BE-7032-47DC-B5C5-E30690F36415}
		{42B74324-F6AD-4CE3-AF38-470EA1D7E49E} = {65BE54BE-7032-47DC-B5C5-E30690F36415}
		{7DA467A1-5231-4BE2-B106-67C47D364462} = {65BE54BE-7032-47DC-B5C5-E30690F36415}
		{D5FAF71F-0AD2-4D44-86B0-F29076FE47FD} = {D3139320-91CF-4F7C-8B76-E91B337477A5}
		{5194DF4D-14CC-414A-95A6-F0C53A8E357D} = {D3139320-91CF-4F7C-8B76-E91B337477A5}
		{F51F733E-4D4E-4B92-A300-05E937359B27} = {D3139320-91CF-4F7C-8B76-E91B337477A5}
		{5E854BF6-7754-4E71-A0F6-696F4ED5CC50} = {C0562360-883D-451B-A41F-0F1065EB72F5}
		{41BF4260-FF88-4F1C-9939-0A10720F0860} = {C0562360-883D-451B-A41F-0F1065EB72F5}
		{09F54869-F590-4D00-88D5-2C41722F489E} = {C0562360-883D-451B-A41F-0F1065EB72F5}
		{8CE9FC09-DB76-4600-960B-120E1678D1C2} = {69A2E6CC-F349-4316-96FB-8272106FDA6E}
		{7A779734-0BEF-4C54-811C-CB1F2C423400} = {69A2E6CC-F349-4316-96FB-8272106FDA6E}
		{FB1C672D-7A17-4799-90D8-7ED713164B75} = {69A2E6CC-F349-4316-96FB-8272106FDA6E}
		{B31B0E25-90AC-465F-B871-B0C83D99D196} = {8E382F73-7EF4-4C70-8B90-D58E825F5CF3}
		{F45A38F8-DA53-4B27-AF2B-11A01E701A27} = {8E382F73-7EF4-4C70-8B90-D58E825F5CF3}
		{32EACAD7-584B-4DC6-936A-CFC259D071DD} = {8E382F73-7EF4-4C70-8B90-D58E825F5CF3}
		{B00C1726-9933-4A61-B516-34D1B21C35AB} = {FE36392F-FD16-4DF2-973F-A03B1EB28D5B}
		{42DA5F36-4CDF-400E-B5EC-AA019A3855E8} = {FE36392F-FD16-4DF2-973F-A03B1EB28D5B}
		{5581322D-7DE4-42D6-B56A-297D490A8B11} = {FE36392F-FD16-4DF2-973F-A03B1EB28D5B}
		{BDE5B12E-6F20-4462-B666-D0625352CA55} = {9F6DE77B-AC65-4416-9173-D33B92D723E6}
		{940D42A3-1ADB-49FB-9664-4D8EB6B3BC41} = {9F6DE77B-AC65-4416-9173-D33B92D723E6}
		{FC03C79D-7CC0-4069-B7DE-FE7F5D0599F4} = {9F6DE77B-AC65-4416-9173-D33B92D723E6}
		{C325AF93-4E31-4840-A542-62CB1176B4B4} = {1C8430EA-600D-439E-AE59-C3C199A33574}
		{E7AE1576-18DC-4E31-98B5-5B50E7C17361} = {1C8430EA-600D-439E-AE59-C3C199A33574}
		{38ACA8D3-62BD-4756-BB77-A85824CFF44D} = {1C8430EA-600D-439E-AE59-C3C199A33574}
	EndGlobalSection
	GlobalSection(ExtensibilityGlobals) = postSolution
		SolutionGuid = {5F946733-308B-4256-93C4-BBB10C23B27F}
	EndGlobalSection
EndGlobal
